Microsoft Visual Studio Solution File, Format Version 12.00
# Visual Studio Version 17
VisualStudioVersion = 17.5.2.0
MinimumVisualStudioVersion = 10.0.40219.1
Project("{FAE04EC0-301F-11D3-BF4B-00C04F79EFBC}") = "Alabaster", "Alabaster.csproj", "{0171E98E-32DA-A689-AED5-0E8C64293E67}"
EndProject
Global
	GlobalSection(SolutionConfigurationPlatforms) = preSolution
		Debug|Any CPU = Debug|Any CPU
		Release|Any CPU = Release|Any CPU
	EndGlobalSection
	GlobalSection(ProjectConfigurationPlatforms) = postSolution
		{0171E98E-32DA-A689-AED5-0E8C64293E67}.Debug|Any CPU.ActiveCfg = Debug|Any CPU
		{0171E98E-32DA-A689-AED5-0E8C64293E67}.Debug|Any CPU.Build.0 = Debug|Any CPU
		{0171E98E-32DA-A689-AED5-0E8C64293E67}.Release|Any CPU.ActiveCfg = Release|Any CPU
		{0171E98E-32DA-A689-AED5-0E8C64293E67}.Release|Any CPU.Build.0 = Release|Any CPU
	EndGlobalSection
	GlobalSection(SolutionProperties) = preSolution
		HideSolutionNode = FALSE
	EndGlobalSection
	GlobalSection(ExtensibilityGlobals) = postSolution
		SolutionGuid = {24F635D9-C647-4931-9F12-E012521A0F99}
	EndGlobalSection
EndGlobal
